
Microsoft Visual Studio Solution File, Format Version 12.00
# Visual Studio 15
VisualStudioVersion = 15.0.28307.421
MinimumVisualStudioVersion = 10.0.40219.1
Project("{FAE04EC0-301F-11D3-BF4B-00C04F79EFBC}") = "TextbookExchange.Android", "TextbookExchange\TextbookExchange.Android\TextbookExchange.Android.csproj", "{1DE5C978-3CF4-4627-A02F-59BAA3012038}"
EndProject
Project("{FAE04EC0-301F-11D3-BF4B-00C04F79EFBC}") = "TextbookExchange.iOS", "TextbookExchange\TextbookExchange.iOS\TextbookExchange.iOS.csproj", "{183AD577-E796-4F00-B246-9654F24F796A}"
EndProject
Project("{FAE04EC0-301F-11D3-BF4B-00C04F79EFBC}") = "TextbookExchange.UWP", "TextbookExchange\TextbookExchange.UWP\TextbookExchange.UWP.csproj", "{AB4E640A-5FE4-4AD5-A159-58A56E7F9708}"
EndProject
Project("{9A19103F-16F7-4668-BE54-9A1E7A4F7556}") = "TextbookExchange", "TextbookExchange\TextbookExchange\TextbookExchange.csproj", "{EA170FB3-140A-4663-8B63-E79278AEACBA}"
EndProject
Project("{FAE04EC0-301F-11D3-BF4B-00C04F79EFBC}") = "TextbookExchangeTest", "UnitTestProject2\TextbookExchangeTest.csproj", "{00990A99-0154-4D33-954F-631067903E14}"
EndProject
Global
	GlobalSection(SolutionConfigurationPlatforms) = preSolution
		Ad-Hoc|Any CPU = Ad-Hoc|Any CPU
		Ad-Hoc|ARM = Ad-Hoc|ARM
		Ad-Hoc|iPhone = Ad-Hoc|iPhone
		Ad-Hoc|iPhoneSimulator = Ad-Hoc|iPhoneSimulator
		Ad-Hoc|x64 = Ad-Hoc|x64
		Ad-Hoc|x86 = Ad-Hoc|x86
		AppStore|Any CPU = AppStore|Any CPU
		AppStore|ARM = AppStore|ARM
		AppStore|iPhone = AppStore|iPhone
		AppStore|iPhoneSimulator = AppStore|iPhoneSimulator
		AppStore|x64 = AppStore|x64
		AppStore|x86 = AppStore|x86
		Debug|Any CPU = Debug|Any CPU
		Debug|ARM = Debug|ARM
		Debug|iPhone = Debug|iPhone
		Debug|iPhoneSimulator = Debug|iPhoneSimulator
		Debug|x64 = Debug|x64
		Debug|x86 = Debug|x86
		Release|Any CPU = Release|Any CPU
		Release|ARM = Release|ARM
		Release|iPhone = Release|iPhone
		Release|iPhoneSimulator = Release|iPhoneSimulator
		Release|x64 = Release|x64
		Release|x86 = Release|x86
	EndGlobalSection
	GlobalSection(ProjectConfigurationPlatforms) = postSolution
		{1DE5C978-3CF4-4627-A02F-59BAA3012038}.Ad-Hoc|Any CPU.ActiveCfg = Release|Any CPU
		{1DE5C978-3CF4-4627-A02F-59BAA3012038}.Ad-Hoc|Any CPU.Build.0 = Release|Any CPU
		{1DE5C978-3CF4-4627-A02F-59BAA3012038}.Ad-Hoc|Any CPU.Deploy.0 = Release|Any CPU
		{1DE5C978-3CF4-4627-A02F-59BAA3012038}.Ad-Hoc|ARM.ActiveCfg = Release|Any CPU
		{1DE5C978-3CF4-4627-A02F-59BAA3012038}.Ad-Hoc|ARM.Build.0 = Release|Any CPU
		{1DE5C978-3CF4-4627-A02F-59BAA3012038}.Ad-Hoc|ARM.Deploy.0 = Release|Any CPU
		{1DE5C978-3CF4-4627-A02F-59BAA3012038}.Ad-Hoc|iPhone.ActiveCfg = Release|Any CPU
		{1DE5C978-3CF4-4627-A02F-59BAA3012038}.Ad-Hoc|iPhone.Build.0 = Release|Any CPU
		{1DE5C978-3CF4-4627-A02F-59BAA3012038}.Ad-Hoc|iPhone.Deploy.0 = Release|Any CPU
		{1DE5C978-3CF4-4627-A02F-59BAA3012038}.Ad-Hoc|iPhoneSimulator.ActiveCfg = Release|Any CPU
		{1DE5C978-3CF4-4627-A02F-59BAA3012038}.Ad-Hoc|iPhoneSimulator.Build.0 = Release|Any CPU
		{1DE5C978-3CF4-4627-A02F-59BAA3012038}.Ad-Hoc|iPhoneSimulator.Deploy.0 = Release|Any CPU
		{1DE5C978-3CF4-4627-A02F-59BAA3012038}.Ad-Hoc|x64.ActiveCfg = Release|Any CPU
		{1DE5C978-3CF4-4627-A02F-59BAA3012038}.Ad-Hoc|x64.Build.0 = Release|Any CPU
		{1DE5C978-3CF4-4627-A02F-59BAA3012038}.Ad-Hoc|x64.Deploy.0 = Release|Any CPU
		{1DE5C978-3CF4-4627-A02F-59BAA3012038}.Ad-Hoc|x86.ActiveCfg = Release|Any CPU
		{1DE5C978-3CF4-4627-A02F-59BAA3012038}.Ad-Hoc|x86.Build.0 = Release|Any CPU
		{1DE5C978-3CF4-4627-A02F-59BAA3012038}.Ad-Hoc|x86.Deploy.0 = Release|Any CPU
		{1DE5C978-3CF4-4627-A02F-59BAA3012038}.AppStore|Any CPU.ActiveCfg = Release|Any CPU
		{1DE5C978-3CF4-4627-A02F-59BAA3012038}.AppStore|Any CPU.Build.0 = Release|Any CPU
		{1DE5C978-3CF4-4627-A02F-59BAA3012038}.AppStore|Any CPU.Deploy.0 = Release|Any CPU
		{1DE5C978-3CF4-4627-A02F-59BAA3012038}.AppStore|ARM.ActiveCfg = Release|Any CPU
		{1DE5C978-3CF4-4627-A02F-59BAA3012038}.AppStore|ARM.Build.0 = Release|Any CPU
		{1DE5C978-3CF4-4627-A02F-59BAA3012038}.AppStore|ARM.Deploy.0 = Release|Any CPU
		{1DE5C978-3CF4-4627-A02F-59BAA3012038}.AppStore|iPhone.ActiveCfg = Release|Any CPU
		{1DE5C978-3CF4-4627-A02F-59BAA3012038}.AppStore|iPhone.Build.0 = Release|Any CPU
		{1DE5C978-3CF4-4627-A02F-59BAA3012038}.AppStore|iPhone.Deploy.0 = Release|Any CPU
		{1DE5C978-3CF4-4627-A02F-59BAA3012038}.AppStore|iPhoneSimulator.ActiveCfg = Release|Any CPU
		{1DE5C978-3CF4-4627-A02F-59BAA3012038}.AppStore|iPhoneSimulator.Build.0 = Release|Any CPU
		{1DE5C978-3CF4-4627-A02F-59BAA3012038}.AppStore|iPhoneSimulator.Deploy.0 = Release|Any CPU
		{1DE5C978-3CF4-4627-A02F-59BAA3012038}.AppStore|x64.ActiveCfg = Release|Any CPU
		{1DE5C978-3CF4-4627-A02F-59BAA3012038}.AppStore|x64.Build.0 = Release|Any CPU
		{1DE5C978-3CF4-4627-A02F-59BAA3012038}.AppStore|x64.Deploy.0 = Release|Any CPU
		{1DE5C978-3CF4-4627-A02F-59BAA3012038}.AppStore|x86.ActiveCfg = Release|Any CPU
		{1DE5C978-3CF4-4627-A02F-59BAA3012038}.AppStore|x86.Build.0 = Release|Any CPU
		{1DE5C978-3CF4-4627-A02F-59BAA3012038}.AppStore|x86.Deploy.0 = Release|Any CPU
		{1DE5C978-3CF4-4627-A02F-59BAA3012038}.Debug|Any CPU.ActiveCfg = Debug|Any CPU
		{1DE5C978-3CF4-4627-A02F-59BAA3012038}.Debug|Any CPU.Build.0 = Debug|Any CPU
		{1DE5C978-3CF4-4627-A02F-59BAA3012038}.Debug|Any CPU.Deploy.0 = Debug|Any CPU
		{1DE5C978-3CF4-4627-A02F-59BAA3012038}.Debug|ARM.ActiveCfg = Debug|Any CPU
		{1DE5C978-3CF4-4627-A02F-59BAA3012038}.Debug|ARM.Build.0 = Debug|Any CPU
		{1DE5C978-3CF4-4627-A02F-59BAA3012038}.Debug|ARM.Deploy.0 = Debug|Any CPU
		{1DE5C978-3CF4-4627-A02F-59BAA3012038}.Debug|iPhone.ActiveCfg = Debug|Any CPU
		{1DE5C978-3CF4-4627-A02F-59BAA3012038}.Debug|iPhone.Build.0 = Debug|Any CPU
		{1DE5C978-3CF4-4627-A02F-59BAA3012038}.Debug|iPhone.Deploy.0 = Debug|Any CPU
		{1DE5C978-3CF4-4627-A02F-59BAA3012038}.Debug|iPhoneSimulator.ActiveCfg = Debug|Any CPU
		{1DE5C978-3CF4-4627-A02F-59BAA3012038}.Debug|iPhoneSimulator.Build.0 = Debug|Any CPU
		{1DE5C978-3CF4-4627-A02F-59BAA3012038}.Debug|iPhoneSimulator.Deploy.0 = Debug|Any CPU
		{1DE5C978-3CF4-4627-A02F-59BAA3012038}.Debug|x64.ActiveCfg = Debug|Any CPU
		{1DE5C978-3CF4-4627-A02F-59BAA3012038}.Debug|x64.Build.0 = Debug|Any CPU
		{1DE5C978-3CF4-4627-A02F-59BAA3012038}.Debug|x64.Deploy.0 = Debug|Any CPU
		{1DE5C978-3CF4-4627-A02F-59BAA3012038}.Debug|x86.ActiveCfg = Debug|Any CPU
		{1DE5C978-3CF4-4627-A02F-59BAA3012038}.Debug|x86.Build.0 = Debug|Any CPU
		{1DE5C978-3CF4-4627-A02F-59BAA3012038}.Debug|x86.Deploy.0 = Debug|Any CPU
		{1DE5C978-3CF4-4627-A02F-59BAA3012038}.Release|Any CPU.ActiveCfg = Release|Any CPU
		{1DE5C978-3CF4-4627-A02F-59BAA3012038}.Release|Any CPU.Build.0 = Release|Any CPU
		{1DE5C978-3CF4-4627-A02F-59BAA3012038}.Release|Any CPU.Deploy.0 = Release|Any CPU
		{1DE5C978-3CF4-4627-A02F-59BAA3012038}.Release|ARM.ActiveCfg = Release|Any CPU
		{1DE5C978-3CF4-4627-A02F-59BAA3012038}.Release|ARM.Build.0 = Release|Any CPU
		{1DE5C978-3CF4-4627-A02F-59BAA3012038}.Release|ARM.Deploy.0 = Release|Any CPU
		{1DE5C978-3CF4-4627-A02F-59BAA3012038}.Release|iPhone.ActiveCfg = Release|Any CPU
		{1DE5C978-3CF4-4627-A02F-59BAA3012038}.Release|iPhone.Build.0 = Release|Any CPU
		{1DE5C978-3CF4-4627-A02F-59BAA3012038}.Release|iPhone.Deploy.0 = Release|Any CPU
		{1DE5C978-3CF4-4627-A02F-59BAA3012038}.Release|iPhoneSimulator.ActiveCfg = Release|Any CPU
		{1DE5C978-3CF4-4627-A02F-59BAA3012038}.Release|iPhoneSimulator.Build.0 = Release|Any CPU
		{1DE5C978-3CF4-4627-A02F-59BAA3012038}.Release|iPhoneSimulator.Deploy.0 = Release|Any CPU
		{1DE5C978-3CF4-4627-A02F-59BAA3012038}.Release|x64.ActiveCfg = Release|Any CPU
		{1DE5C978-3CF4-4627-A02F-59BAA3012038}.Release|x64.Build.0 = Release|Any CPU
		{1DE5C978-3CF4-4627-A02F-59BAA3012038}.Release|x64.Deploy.0 = Release|Any CPU
		{1DE5C978-3CF4-4627-A02F-59BAA3012038}.Release|x86.ActiveCfg = Release|Any CPU
		{1DE5C978-3CF4-4627-A02F-59BAA3012038}.Release|x86.Build.0 = Release|Any CPU
		{1DE5C978-3CF4-4627-A02F-59BAA3012038}.Release|x86.Deploy.0 = Release|Any CPU
		{183AD577-E796-4F00-B246-9654F24F796A}.Ad-Hoc|Any CPU.ActiveCfg = Ad-Hoc|iPhone
		{183AD577-E796-4F00-B246-9654F24F796A}.Ad-Hoc|Any CPU.Build.0 = Ad-Hoc|iPhone
		{183AD577-E796-4F00-B246-9654F24F796A}.Ad-Hoc|Any CPU.Deploy.0 = Ad-Hoc|iPhone
		{183AD577-E796-4F00-B246-9654F24F796A}.Ad-Hoc|ARM.ActiveCfg = Ad-Hoc|iPhone
		{183AD577-E796-4F00-B246-9654F24F796A}.Ad-Hoc|ARM.Build.0 = Ad-Hoc|iPhone
		{183AD577-E796-4F00-B246-9654F24F796A}.Ad-Hoc|ARM.Deploy.0 = Ad-Hoc|iPhone
		{183AD577-E796-4F00-B246-9654F24F796A}.Ad-Hoc|iPhone.ActiveCfg = Ad-Hoc|iPhone
		{183AD577-E796-4F00-B246-9654F24F796A}.Ad-Hoc|iPhone.Build.0 = Ad-Hoc|iPhone
		{183AD577-E796-4F00-B246-9654F24F796A}.Ad-Hoc|iPhone.Deploy.0 = Ad-Hoc|iPhone
		{183AD577-E796-4F00-B246-9654F24F796A}.Ad-Hoc|iPhoneSimulator.ActiveCfg = Ad-Hoc|iPhoneSimulator
		{183AD577-E796-4F00-B246-9654F24F796A}.Ad-Hoc|iPhoneSimulator.Build.0 = Ad-Hoc|iPhoneSimulator
		{183AD577-E796-4F00-B246-9654F24F796A}.Ad-Hoc|iPhoneSimulator.Deploy.0 = Ad-Hoc|iPhoneSimulator
		{183AD577-E796-4F00-B246-9654F24F796A}.Ad-Hoc|x64.ActiveCfg = Ad-Hoc|iPhone
		{183AD577-E796-4F00-B246-9654F24F796A}.Ad-Hoc|x64.Build.0 = Ad-Hoc|iPhone
		{183AD577-E796-4F00-B246-9654F24F796A}.Ad-Hoc|x64.Deploy.0 = Ad-Hoc|iPhone
		{183AD577-E796-4F00-B246-9654F24F796A}.Ad-Hoc|x86.ActiveCfg = Ad-Hoc|iPhone
		{183AD577-E796-4F00-B246-9654F24F796A}.Ad-Hoc|x86.Build.0 = Ad-Hoc|iPhone
		{183AD577-E796-4F00-B246-9654F24F796A}.Ad-Hoc|x86.Deploy.0 = Ad-Hoc|iPhone
		{183AD577-E796-4F00-B246-9654F24F796A}.AppStore|Any CPU.ActiveCfg = AppStore|iPhone
		{183AD577-E796-4F00-B246-9654F24F796A}.AppStore|Any CPU.Build.0 = AppStore|iPhone
		{183AD577-E796-4F00-B246-9654F24F796A}.AppStore|Any CPU.Deploy.0 = AppStore|iPhone
		{183AD577-E796-4F00-B246-9654F24F796A}.AppStore|ARM.ActiveCfg = AppStore|iPhone
		{183AD577-E796-4F00-B246-9654F24F796A}.AppStore|ARM.Build.0 = AppStore|iPhone
		{183AD577-E796-4F00-B246-9654F24F796A}.AppStore|ARM.Deploy.0 = AppStore|iPhone
		{183AD577-E796-4F00-B246-9654F24F796A}.AppStore|iPhone.ActiveCfg = AppStore|iPhone
		{183AD577-E796-4F00-B246-9654F24F796A}.AppStore|iPhone.Build.0 = AppStore|iPhone
		{183AD577-E796-4F00-B246-9654F24F796A}.AppStore|iPhone.Deploy.0 = AppStore|iPhone
		{183AD577-E796-4F00-B246-9654F24F796A}.AppStore|iPhoneSimulator.ActiveCfg = AppStore|iPhoneSimulator
		{183AD577-E796-4F00-B246-9654F24F796A}.AppStore|iPhoneSimulator.Build.0 = AppStore|iPhoneSimulator
		{183AD577-E796-4F00-B246-9654F24F796A}.AppStore|iPhoneSimulator.Deploy.0 = AppStore|iPhoneSimulator
		{183AD577-E796-4F00-B246-9654F24F796A}.AppStore|x64.ActiveCfg = AppStore|iPhone
		{183AD577-E796-4F00-B246-9654F24F796A}.AppStore|x64.Build.0 = AppStore|iPhone
		{183AD577-E796-4F00-B246-9654F24F796A}.AppStore|x64.Deploy.0 = AppStore|iPhone
		{183AD577-E796-4F00-B246-9654F24F796A}.AppStore|x86.ActiveCfg = AppStore|iPhone
		{183AD577-E796-4F00-B246-9654F24F796A}.AppStore|x86.Build.0 = AppStore|iPhone
		{183AD577-E796-4F00-B246-9654F24F796A}.AppStore|x86.Deploy.0 = AppStore|iPhone
		{183AD577-E796-4F00-B246-9654F24F796A}.Debug|Any CPU.ActiveCfg = Debug|iPhoneSimulator
		{183AD577-E796-4F00-B246-9654F24F796A}.Debug|Any CPU.Build.0 = Debug|iPhoneSimulator
		{183AD577-E796-4F00-B246-9654F24F796A}.Debug|Any CPU.Deploy.0 = Debug|iPhoneSimulator
		{183AD577-E796-4F00-B246-9654F24F796A}.Debug|ARM.ActiveCfg = Debug|iPhone
		{183AD577-E796-4F00-B246-9654F24F796A}.Debug|ARM.Build.0 = Debug|iPhone
		{183AD577-E796-4F00-B246-9654F24F796A}.Debug|ARM.Deploy.0 = Debug|iPhone
		{183AD577-E796-4F00-B246-9654F24F796A}.Debug|iPhone.ActiveCfg = Debug|iPhone
		{183AD577-E796-4F00-B246-9654F24F796A}.Debug|iPhone.Build.0 = Debug|iPhone
		{183AD577-E796-4F00-B246-9654F24F796A}.Debug|iPhone.Deploy.0 = Debug|iPhone
		{183AD577-E796-4F00-B246-9654F24F796A}.Debug|iPhoneSimulator.ActiveCfg = Debug|iPhoneSimulator
		{183AD577-E796-4F00-B246-9654F24F796A}.Debug|iPhoneSimulator.Build.0 = Debug|iPhoneSimulator
		{183AD577-E796-4F00-B246-9654F24F796A}.Debug|iPhoneSimulator.Deploy.0 = Debug|iPhoneSimulator
		{183AD577-E796-4F00-B246-9654F24F796A}.Debug|x64.ActiveCfg = Debug|iPhone
		{183AD577-E796-4F00-B246-9654F24F796A}.Debug|x64.Build.0 = Debug|iPhone
		{183AD577-E796-4F00-B246-9654F24F796A}.Debug|x64.Deploy.0 = Debug|iPhone
		{183AD577-E796-4F00-B246-9654F24F796A}.Debug|x86.ActiveCfg = Debug|iPhone
		{183AD577-E796-4F00-B246-9654F24F796A}.Debug|x86.Build.0 = Debug|iPhone
		{183AD577-E796-4F00-B246-9654F24F796A}.Debug|x86.Deploy.0 = Debug|iPhone
		{183AD577-E796-4F00-B246-9654F24F796A}.Release|Any CPU.ActiveCfg = Release|iPhone
		{183AD577-E796-4F00-B246-9654F24F796A}.Release|Any CPU.Build.0 = Release|iPhone
		{183AD577-E796-4F00-B246-9654F24F796A}.Release|Any CPU.Deploy.0 = Release|iPhone
		{183AD577-E796-4F00-B246-9654F24F796A}.Release|ARM.ActiveCfg = Release|iPhone
		{183AD577-E796-4F00-B246-9654F24F796A}.Release|ARM.Build.0 = Release|iPhone
		{183AD577-E796-4F00-B246-9654F24F796A}.Release|ARM.Deploy.0 = Release|iPhone
		{183AD577-E796-4F00-B246-9654F24F796A}.Release|iPhone.ActiveCfg = Release|iPhone
		{183AD577-E796-4F00-B246-9654F24F796A}.Release|iPhone.Build.0 = Release|iPhone
		{183AD577-E796-4F00-B246-9654F24F796A}.Release|iPhone.Deploy.0 = Release|iPhone
		{183AD577-E796-4F00-B246-9654F24F796A}.Release|iPhoneSimulator.ActiveCfg = Release|iPhoneSimulator
		{183AD577-E796-4F00-B246-9654F24F796A}.Release|iPhoneSimulator.Build.0 = Release|iPhoneSimulator
		{183AD577-E796-4F00-B246-9654F24F796A}.Release|iPhoneSimulator.Deploy.0 = Release|iPhoneSimulator
		{183AD577-E796-4F00-B246-9654F24F796A}.Release|x64.ActiveCfg = Release|iPhone
		{183AD577-E796-4F00-B246-9654F24F796A}.Release|x64.Build.0 = Release|iPhone
		{183AD577-E796-4F00-B246-9654F24F796A}.Release|x64.Deploy.0 = Release|iPhone
		{183AD577-E796-4F00-B246-9654F24F796A}.Release|x86.ActiveCfg = Release|iPhone
		{183AD577-E796-4F00-B246-9654F24F796A}.Release|x86.Build.0 = Release|iPhone
		{183AD577-E796-4F00-B246-9654F24F796A}.Release|x86.Deploy.0 = Release|iPhone
		{AB4E640A-5FE4-4AD5-A159-58A56E7F9708}.Ad-Hoc|Any CPU.ActiveCfg = Release|x86
		{AB4E640A-5FE4-4AD5-A159-58A56E7F9708}.Ad-Hoc|Any CPU.Build.0 = Release|x86
		{AB4E640A-5FE4-4AD5-A159-58A56E7F9708}.Ad-Hoc|Any CPU.Deploy.0 = Release|x86
		{AB4E640A-5FE4-4AD5-A159-58A56E7F9708}.Ad-Hoc|ARM.ActiveCfg = Release|ARM
		{AB4E640A-5FE4-4AD5-A159-58A56E7F9708}.Ad-Hoc|ARM.Build.0 = Release|ARM
		{AB4E640A-5FE4-4AD5-A159-58A56E7F9708}.Ad-Hoc|ARM.Deploy.0 = Release|ARM
		{AB4E640A-5FE4-4AD5-A159-58A56E7F9708}.Ad-Hoc|iPhone.ActiveCfg = Release|x86
		{AB4E640A-5FE4-4AD5-A159-58A56E7F9708}.Ad-Hoc|iPhone.Build.0 = Release|x86
		{AB4E640A-5FE4-4AD5-A159-58A56E7F9708}.Ad-Hoc|iPhone.Deploy.0 = Release|x86
		{AB4E640A-5FE4-4AD5-A159-58A56E7F9708}.Ad-Hoc|iPhoneSimulator.ActiveCfg = Release|x86
		{AB4E640A-5FE4-4AD5-A159-58A56E7F9708}.Ad-Hoc|iPhoneSimulator.Build.0 = Release|x86
		{AB4E640A-5FE4-4AD5-A159-58A56E7F9708}.Ad-Hoc|iPhoneSimulator.Deploy.0 = Release|x86
		{AB4E640A-5FE4-4AD5-A159-58A56E7F9708}.Ad-Hoc|x64.ActiveCfg = Release|x64
		{AB4E640A-5FE4-4AD5-A159-58A56E7F9708}.Ad-Hoc|x64.Build.0 = Release|x64
		{AB4E640A-5FE4-4AD5-A159-58A56E7F9708}.Ad-Hoc|x64.Deploy.0 = Release|x64
		{AB4E640A-5FE4-4AD5-A159-58A56E7F9708}.Ad-Hoc|x86.ActiveCfg = Release|x86
		{AB4E640A-5FE4-4AD5-A159-58A56E7F9708}.Ad-Hoc|x86.Build.0 = Release|x86
		{AB4E640A-5FE4-4AD5-A159-58A56E7F9708}.Ad-Hoc|x86.Deploy.0 = Release|x86
		{AB4E640A-5FE4-4AD5-A159-58A56E7F9708}.AppStore|Any CPU.ActiveCfg = Release|x86
		{AB4E640A-5FE4-4AD5-A159-58A56E7F9708}.AppStore|Any CPU.Build.0 = Release|x86
		{AB4E640A-5FE4-4AD5-A159-58A56E7F9708}.AppStore|Any CPU.Deploy.0 = Release|x86
		{AB4E640A-5FE4-4AD5-A159-58A56E7F9708}.AppStore|ARM.ActiveCfg = Release|ARM
		{AB4E640A-5FE4-4AD5-A159-58A56E7F9708}.AppStore|ARM.Build.0 = Release|ARM
		{AB4E640A-5FE4-4AD5-A159-58A56E7F9708}.AppStore|ARM.Deploy.0 = Release|ARM
		{AB4E640A-5FE4-4AD5-A159-58A56E7F9708}.AppStore|iPhone.ActiveCfg = Release|x86
		{AB4E640A-5FE4-4AD5-A159-58A56E7F9708}.AppStore|iPhone.Build.0 = Release|x86
		{AB4E640A-5FE4-4AD5-A159-58A56E7F9708}.AppStore|iPhone.Deploy.0 = Release|x86
		{AB4E640A-5FE4-4AD5-A159-58A56E7F9708}.AppStore|iPhoneSimulator.ActiveCfg = Release|x86
		{AB4E640A-5FE4-4AD5-A159-58A56E7F9708}.AppStore|iPhoneSimulator.Build.0 = Release|x86
		{AB4E640A-5FE4-4AD5-A159-58A56E7F9708}.AppStore|iPhoneSimulator.Deploy.0 = Release|x86
		{AB4E640A-5FE4-4AD5-A159-58A56E7F9708}.AppStore|x64.ActiveCfg = Release|x64
		{AB4E640A-5FE4-4AD5-A159-58A56E7F9708}.AppStore|x64.Build.0 = Release|x64
		{AB4E640A-5FE4-4AD5-A159-58A56E7F9708}.AppStore|x64.Deploy.0 = Release|x64
		{AB4E640A-5FE4-4AD5-A159-58A56E7F9708}.AppStore|x86.ActiveCfg = Release|x86
		{AB4E640A-5FE4-4AD5-A159-58A56E7F9708}.AppStore|x86.Build.0 = Release|x86
		{AB4E640A-5FE4-4AD5-A159-58A56E7F9708}.AppStore|x86.Deploy.0 = Release|x86
		{AB4E640A-5FE4-4AD5-A159-58A56E7F9708}.Debug|Any CPU.ActiveCfg = Debug|x86
		{AB4E640A-5FE4-4AD5-A159-58A56E7F9708}.Debug|Any CPU.Build.0 = Debug|x86
		{AB4E640A-5FE4-4AD5-A159-58A56E7F9708}.Debug|Any CPU.Deploy.0 = Debug|x86
		{AB4E640A-5FE4-4AD5-A159-58A56E7F9708}.Debug|ARM.ActiveCfg = Debug|ARM
		{AB4E640A-5FE4-4AD5-A159-58A56E7F9708}.Debug|ARM.Build.0 = Debug|ARM
		{AB4E640A-5FE4-4AD5-A159-58A56E7F9708}.Debug|ARM.Deploy.0 = Debug|ARM
		{AB4E640A-5FE4-4AD5-A159-58A56E7F9708}.Debug|iPhone.ActiveCfg = Debug|x86
		{AB4E640A-5FE4-4AD5-A159-58A56E7F9708}.Debug|iPhone.Build.0 = Debug|x86
		{AB4E640A-5FE4-4AD5-A159-58A56E7F9708}.Debug|iPhone.Deploy.0 = Debug|x86
		{AB4E640A-5FE4-4AD5-A159-58A56E7F9708}.Debug|iPhoneSimulator.ActiveCfg = Debug|x86
		{AB4E640A-5FE4-4AD5-A159-58A56E7F9708}.Debug|iPhoneSimulator.Build.0 = Debug|x86
		{AB4E640A-5FE4-4AD5-A159-58A56E7F9708}.Debug|iPhoneSimulator.Deploy.0 = Debug|x86
		{AB4E640A-5FE4-4AD5-A159-58A56E7F9708}.Debug|x64.ActiveCfg = Debug|x64
		{AB4E640A-5FE4-4AD5-A159-58A56E7F9708}.Debug|x64.Build.0 = Debug|x64
		{AB4E640A-5FE4-4AD5-A159-58A56E7F9708}.Debug|x64.Deploy.0 = Debug|x64
		{AB4E640A-5FE4-4AD5-A159-58A56E7F9708}.Debug|x86.ActiveCfg = Debug|x86
		{AB4E640A-5FE4-4AD5-A159-58A56E7F9708}.Debug|x86.Build.0 = Debug|x86
		{AB4E640A-5FE4-4AD5-A159-58A56E7F9708}.Debug|x86.Deploy.0 = Debug|x86
		{AB4E640A-5FE4-4AD5-A159-58A56E7F9708}.Release|Any CPU.ActiveCfg = Release|x86
		{AB4E640A-5FE4-4AD5-A159-58A56E7F9708}.Release|Any CPU.Build.0 = Release|x86
		{AB4E640A-5FE4-4AD5-A159-58A56E7F9708}.Release|Any CPU.Deploy.0 = Release|x86
		{AB4E640A-5FE4-4AD5-A159-58A56E7F9708}.Release|ARM.ActiveCfg = Release|ARM
		{AB4E640A-5FE4-4AD5-A159-58A56E7F9708}.Release|ARM.Build.0 = Release|ARM
		{AB4E640A-5FE4-4AD5-A159-58A56E7F9708}.Release|ARM.Deploy.0 = Release|ARM
		{AB4E640A-5FE4-4AD5-A159-58A56E7F9708}.Release|iPhone.ActiveCfg = Release|x86
		{AB4E640A-5FE4-4AD5-A159-58A56E7F9708}.Release|iPhone.Build.0 = Release|x86
		{AB4E640A-5FE4-4AD5-A159-58A56E7F9708}.Release|iPhone.Deploy.0 = Release|x86
		{AB4E640A-5FE4-4AD5-A159-58A56E7F9708}.Release|iPhoneSimulator.ActiveCfg = Release|x86
		{AB4E640A-5FE4-4AD5-A159-58A56E7F9708}.Release|iPhoneSimulator.Build.0 = Release|x86
		{AB4E640A-5FE4-4AD5-A159-58A56E7F9708}.Release|iPhoneSimulator.Deploy.0 = Release|x86
		{AB4E640A-5FE4-4AD5-A159-58A56E7F9708}.Release|x64.ActiveCfg = Release|x64
		{AB4E640A-5FE4-4AD5-A159-58A56E7F9708}.Release|x64.Build.0 = Release|x64
		{AB4E640A-5FE4-4AD5-A159-58A56E7F9708}.Release|x64.Deploy.0 = Release|x64
		{AB4E640A-5FE4-4AD5-A159-58A56E7F9708}.Release|x86.ActiveCfg = Release|x86
		{AB4E640A-5FE4-4AD5-A159-58A56E7F9708}.Release|x86.Build.0 = Release|x86
		{AB4E640A-5FE4-4AD5-A159-58A56E7F9708}.Release|x86.Deploy.0 = Release|x86
		{EA170FB3-140A-4663-8B63-E79278AEACBA}.Ad-Hoc|Any CPU.ActiveCfg = Debug|Any CPU
		{EA170FB3-140A-4663-8B63-E79278AEACBA}.Ad-Hoc|Any CPU.Build.0 = Debug|Any CPU
		{EA170FB3-140A-4663-8B63-E79278AEACBA}.Ad-Hoc|Any CPU.Deploy.0 = Debug|Any CPU
		{EA170FB3-140A-4663-8B63-E79278AEACBA}.Ad-Hoc|ARM.ActiveCfg = Debug|Any CPU
		{EA170FB3-140A-4663-8B63-E79278AEACBA}.Ad-Hoc|ARM.Build.0 = Debug|Any CPU
		{EA170FB3-140A-4663-8B63-E79278AEACBA}.Ad-Hoc|ARM.Deploy.0 = Debug|Any CPU
		{EA170FB3-140A-4663-8B63-E79278AEACBA}.Ad-Hoc|iPhone.ActiveCfg = Debug|Any CPU
		{EA170FB3-140A-4663-8B63-E79278AEACBA}.Ad-Hoc|iPhone.Build.0 = Debug|Any CPU
		{EA170FB3-140A-4663-8B63-E79278AEACBA}.Ad-Hoc|iPhone.Deploy.0 = Debug|Any CPU
		{EA170FB3-140A-4663-8B63-E79278AEACBA}.Ad-Hoc|iPhoneSimulator.ActiveCfg = Debug|Any CPU
		{EA170FB3-140A-4663-8B63-E79278AEACBA}.Ad-Hoc|iPhoneSimulator.Build.0 = Debug|Any CPU
		{EA170FB3-140A-4663-8B63-E79278AEACBA}.Ad-Hoc|iPhoneSimulator.Deploy.0 = Debug|Any CPU
		{EA170FB3-140A-4663-8B63-E79278AEACBA}.Ad-Hoc|x64.ActiveCfg = Debug|Any CPU
		{EA170FB3-140A-4663-8B63-E79278AEACBA}.Ad-Hoc|x64.Build.0 = Debug|Any CPU
		{EA170FB3-140A-4663-8B63-E79278AEACBA}.Ad-Hoc|x64.Deploy.0 = Debug|Any CPU
		{EA170FB3-140A-4663-8B63-E79278AEACBA}.Ad-Hoc|x86.ActiveCfg = Debug|Any CPU
		{EA170FB3-140A-4663-8B63-E79278AEACBA}.Ad-Hoc|x86.Build.0 = Debug|Any CPU
		{EA170FB3-140A-4663-8B63-E79278AEACBA}.Ad-Hoc|x86.Deploy.0 = Debug|Any CPU
		{EA170FB3-140A-4663-8B63-E79278AEACBA}.AppStore|Any CPU.ActiveCfg = Debug|Any CPU
		{EA170FB3-140A-4663-8B63-E79278AEACBA}.AppStore|Any CPU.Build.0 = Debug|Any CPU
		{EA170FB3-140A-4663-8B63-E79278AEACBA}.AppStore|Any CPU.Deploy.0 = Debug|Any CPU
		{EA170FB3-140A-4663-8B63-E79278AEACBA}.AppStore|ARM.ActiveCfg = Debug|Any CPU
		{EA170FB3-140A-4663-8B63-E79278AEACBA}.AppStore|ARM.Build.0 = Debug|Any CPU
		{EA170FB3-140A-4663-8B63-E79278AEACBA}.AppStore|ARM.Deploy.0 = Debug|Any CPU
		{EA170FB3-140A-4663-8B63-E79278AEACBA}.AppStore|iPhone.ActiveCfg = Debug|Any CPU
		{EA170FB3-140A-4663-8B63-E79278AEACBA}.AppStore|iPhone.Build.0 = Debug|Any CPU
		{EA170FB3-140A-4663-8B63-E79278AEACBA}.AppStore|iPhone.Deploy.0 = Debug|Any CPU
		{EA170FB3-140A-4663-8B63-E79278AEACBA}.AppStore|iPhoneSimulator.ActiveCfg = Debug|Any CPU
		{EA170FB3-140A-4663-8B63-E79278AEACBA}.AppStore|iPhoneSimulator.Build.0 = Debug|Any CPU
		{EA170FB3-140A-4663-8B63-E79278AEACBA}.AppStore|iPhoneSimulator.Deploy.0 = Debug|Any CPU
		{EA170FB3-140A-4663-8B63-E79278AEACBA}.AppStore|x64.ActiveCfg = Debug|Any CPU
		{EA170FB3-140A-4663-8B63-E79278AEACBA}.AppStore|x64.Build.0 = Debug|Any CPU
		{EA170FB3-140A-4663-8B63-E79278AEACBA}.AppStore|x64.Deploy.0 = Debug|Any CPU
		{EA170FB3-140A-4663-8B63-E79278AEACBA}.AppStore|x86.ActiveCfg = Debug|Any CPU
		{EA170FB3-140A-4663-8B63-E79278AEACBA}.AppStore|x86.Build.0 = Debug|Any CPU
		{EA170FB3-140A-4663-8B63-E79278AEACBA}.AppStore|x86.Deploy.0 = Debug|Any CPU
		{EA170FB3-140A-4663-8B63-E79278AEACBA}.Debug|Any CPU.ActiveCfg = Debug|Any CPU
		{EA170FB3-140A-4663-8B63-E79278AEACBA}.Debug|Any CPU.Build.0 = Debug|Any CPU
		{EA170FB3-140A-4663-8B63-E79278AEACBA}.Debug|Any CPU.Deploy.0 = Debug|Any CPU
		{EA170FB3-140A-4663-8B63-E79278AEACBA}.Debug|ARM.ActiveCfg = Debug|Any CPU
		{EA170FB3-140A-4663-8B63-E79278AEACBA}.Debug|ARM.Build.0 = Debug|Any CPU
		{EA170FB3-140A-4663-8B63-E79278AEACBA}.Debug|ARM.Deploy.0 = Debug|Any CPU
		{EA170FB3-140A-4663-8B63-E79278AEACBA}.Debug|iPhone.ActiveCfg = Debug|Any CPU
		{EA170FB3-140A-4663-8B63-E79278AEACBA}.Debug|iPhone.Build.0 = Debug|Any CPU
		{EA170FB3-140A-4663-8B63-E79278AEACBA}.Debug|iPhone.Deploy.0 = Debug|Any CPU
		{EA170FB3-140A-4663-8B63-E79278AEACBA}.Debug|iPhoneSimulator.ActiveCfg = Debug|Any CPU
		{EA170FB3-140A-4663-8B63-E79278AEACBA}.Debug|iPhoneSimulator.Build.0 = Debug|Any CPU
		{EA170FB3-140A-4663-8B63-E79278AEACBA}.Debug|iPhoneSimulator.Deploy.0 = Debug|Any CPU
		{EA170FB3-140A-4663-8B63-E79278AEACBA}.Debug|x64.ActiveCfg = Debug|Any CPU
		{EA170FB3-140A-4663-8B63-E79278AEACBA}.Debug|x64.Build.0 = Debug|Any CPU
		{EA170FB3-140A-4663-8B63-E79278AEACBA}.Debug|x64.Deploy.0 = Debug|Any CPU
		{EA170FB3-140A-4663-8B63-E79278AEACBA}.Debug|x86.ActiveCfg = Debug|Any CPU
		{EA170FB3-140A-4663-8B63-E79278AEACBA}.Debug|x86.Build.0 = Debug|Any CPU
		{EA170FB3-140A-4663-8B63-E79278AEACBA}.Debug|x86.Deploy.0 = Debug|Any CPU
		{EA170FB3-140A-4663-8B63-E79278AEACBA}.Release|Any CPU.ActiveCfg = Release|Any CPU
		{EA170FB3-140A-4663-8B63-E79278AEACBA}.Release|Any CPU.Build.0 = Release|Any CPU
		{EA170FB3-140A-4663-8B63-E79278AEACBA}.Release|Any CPU.Deploy.0 = Release|Any CPU
		{EA170FB3-140A-4663-8B63-E79278AEACBA}.Release|ARM.ActiveCfg = Release|Any CPU
		{EA170FB3-140A-4663-8B63-E79278AEACBA}.Release|ARM.Build.0 = Release|Any CPU
		{EA170FB3-140A-4663-8B63-E79278AEACBA}.Release|ARM.Deploy.0 = Release|Any CPU
		{EA170FB3-140A-4663-8B63-E79278AEACBA}.Release|iPhone.ActiveCfg = Release|Any CPU
		{EA170FB3-140A-4663-8B63-E79278AEACBA}.Release|iPhone.Build.0 = Release|Any CPU
		{EA170FB3-140A-4663-8B63-E79278AEACBA}.Release|iPhone.Deploy.0 = Release|Any CPU
		{EA170FB3-140A-4663-8B63-E79278AEACBA}.Release|iPhoneSimulator.ActiveCfg = Release|Any CPU
		{EA170FB3-140A-4663-8B63-E79278AEACBA}.Release|iPhoneSimulator.Build.0 = Release|Any CPU
		{EA170FB3-140A-4663-8B63-E79278AEACBA}.Release|iPhoneSimulator.Deploy.0 = Release|Any CPU
		{EA170FB3-140A-4663-8B63-E79278AEACBA}.Release|x64.ActiveCfg = Release|Any CPU
		{EA170FB3-140A-4663-8B63-E79278AEACBA}.Release|x64.Build.0 = Release|Any CPU
		{EA170FB3-140A-4663-8B63-E79278AEACBA}.Release|x64.Deploy.0 = Release|Any CPU
		{EA170FB3-140A-4663-8B63-E79278AEACBA}.Release|x86.ActiveCfg = Release|Any CPU
		{EA170FB3-140A-4663-8B63-E79278AEACBA}.Release|x86.Build.0 = Release|Any CPU
		{EA170FB3-140A-4663-8B63-E79278AEACBA}.Release|x86.Deploy.0 = Release|Any CPU
		{00990A99-0154-4D33-954F-631067903E14}.Ad-Hoc|Any CPU.ActiveCfg = Release|Any CPU
		{00990A99-0154-4D33-954F-631067903E14}.Ad-Hoc|Any CPU.Build.0 = Release|Any CPU
		{00990A99-0154-4D33-954F-631067903E14}.Ad-Hoc|ARM.ActiveCfg = Release|Any CPU
		{00990A99-0154-4D33-954F-631067903E14}.Ad-Hoc|ARM.Build.0 = Release|Any CPU
		{00990A99-0154-4D33-954F-631067903E14}.Ad-Hoc|iPhone.ActiveCfg = Release|Any CPU
		{00990A99-0154-4D33-954F-631067903E14}.Ad-Hoc|iPhone.Build.0 = Release|Any CPU
		{00990A99-0154-4D33-954F-631067903E14}.Ad-Hoc|iPhoneSimulator.ActiveCfg = Release|Any CPU
		{00990A99-0154-4D33-954F-631067903E14}.Ad-Hoc|iPhoneSimulator.Build.0 = Release|Any CPU
		{00990A99-0154-4D33-954F-631067903E14}.Ad-Hoc|x64.ActiveCfg = Release|Any CPU
		{00990A99-0154-4D33-954F-631067903E14}.Ad-Hoc|x64.Build.0 = Release|Any CPU
		{00990A99-0154-4D33-954F-631067903E14}.Ad-Hoc|x86.ActiveCfg = Release|Any CPU
		{00990A99-0154-4D33-954F-631067903E14}.Ad-Hoc|x86.Build.0 = Release|Any CPU
		{00990A99-0154-4D33-954F-631067903E14}.AppStore|Any CPU.ActiveCfg = Release|Any CPU
		{00990A99-0154-4D33-954F-631067903E14}.AppStore|Any CPU.Build.0 = Release|Any CPU
		{00990A99-0154-4D33-954F-631067903E14}.AppStore|ARM.ActiveCfg = Release|Any CPU
		{00990A99-0154-4D33-954F-631067903E14}.AppStore|ARM.Build.0 = Release|Any CPU
		{00990A99-0154-4D33-954F-631067903E14}.AppStore|iPhone.ActiveCfg = Release|Any CPU
		{00990A99-0154-4D33-954F-631067903E14}.AppStore|iPhone.Build.0 = Release|Any CPU
		{00990A99-0154-4D33-954F-631067903E14}.AppStore|iPhoneSimulator.ActiveCfg = Release|Any CPU
		{00990A99-0154-4D33-954F-631067903E14}.AppStore|iPhoneSimulator.Build.0 = Release|Any CPU
		{00990A99-0154-4D33-954F-631067903E14}.AppStore|x64.ActiveCfg = Release|Any CPU
		{00990A99-0154-4D33-954F-631067903E14}.AppStore|x64.Build.0 = Release|Any CPU
		{00990A99-0154-4D33-954F-631067903E14}.AppStore|x86.ActiveCfg = Release|Any CPU
		{00990A99-0154-4D33-954F-631067903E14}.AppStore|x86.Build.0 = Release|Any CPU
		{00990A99-0154-4D33-954F-631067903E14}.Debug|Any CPU.ActiveCfg = Debug|Any CPU
		{00990A99-0154-4D33-954F-631067903E14}.Debug|Any CPU.Build.0 = Debug|Any CPU
		{00990A99-0154-4D33-954F-631067903E14}.Debug|ARM.ActiveCfg = Debug|Any CPU
		{00990A99-0154-4D33-954F-631067903E14}.Debug|ARM.Build.0 = Debug|Any CPU
		{00990A99-0154-4D33-954F-631067903E14}.Debug|iPhone.ActiveCfg = Debug|Any CPU
		{00990A99-0154-4D33-954F-631067903E14}.Debug|iPhone.Build.0 = Debug|Any CPU
		{00990A99-0154-4D33-954F-631067903E14}.Debug|iPhoneSimulator.ActiveCfg = Debug|Any CPU
		{00990A99-0154-4D33-954F-631067903E14}.Debug|iPhoneSimulator.Build.0 = Debug|Any CPU
		{00990A99-0154-4D33-954F-631067903E14}.Debug|x64.ActiveCfg = Debug|Any CPU
		{00990A99-0154-4D33-954F-631067903E14}.Debug|x64.Build.0 = Debug|Any CPU
		{00990A99-0154-4D33-954F-631067903E14}.Debug|x86.ActiveCfg = Debug|Any CPU
		{00990A99-0154-4D33-954F-631067903E14}.Debug|x86.Build.0 = Debug|Any CPU
		{00990A99-0154-4D33-954F-631067903E14}.Release|Any CPU.ActiveCfg = Release|Any CPU
		{00990A99-0154-4D33-954F-631067903E14}.Release|Any CPU.Build.0 = Release|Any CPU
		{00990A99-0154-4D33-954F-631067903E14}.Release|ARM.ActiveCfg = Release|Any CPU
		{00990A99-0154-4D33-954F-631067903E14}.Release|ARM.Build.0 = Release|Any CPU
		{00990A99-0154-4D33-954F-631067903E14}.Release|iPhone.ActiveCfg = Release|Any CPU
		{00990A99-0154-4D33-954F-631067903E14}.Release|iPhone.Build.0 = Release|Any CPU
		{00990A99-0154-4D33-954F-631067903E14}.Release|iPhoneSimulator.ActiveCfg = Release|Any CPU
		{00990A99-0154-4D33-954F-631067903E14}.Release|iPhoneSimulator.Build.0 = Release|Any CPU
		{00990A99-0154-4D33-954F-631067903E14}.Release|x64.ActiveCfg = Release|Any CPU
		{00990A99-0154-4D33-954F-631067903E14}.Release|x64.Build.0 = Release|Any CPU
		{00990A99-0154-4D33-954F-631067903E14}.Release|x86.ActiveCfg = Release|Any CPU
		{00990A99-0154-4D33-954F-631067903E14}.Release|x86.Build.0 = Release|Any CPU
	EndGlobalSection
	GlobalSection(SolutionProperties) = preSolution
		HideSolutionNode = FALSE
	EndGlobalSection
	GlobalSection(ExtensibilityGlobals) = postSolution
		SolutionGuid = {94820E92-240B-4653-8F80-7B1F42646824}
	EndGlobalSection
EndGlobal
